
Microsoft Visual Studio Solution File, Format Version 12.00
# Visual Studio 14
VisualStudioVersion = 14.0.25420.1
MinimumVisualStudioVersion = 10.0.40219.1
Project("{FAE04EC0-301F-11D3-BF4B-00C04F79EFBC}") = "BTMEntity", "BTMEntity\BTMEntity.csproj", "{ED2831FA-566E-4858-92A9-CBDD6C666132}"
EndProject
Project("{FAE04EC0-301F-11D3-BF4B-00C04F79EFBC}") = "BTMService", "BTMService\BTMService.csproj", "{8E3C95E9-9F0D-4074-BF2F-12AC6B0F762C}"
EndProject
Project("{FAE04EC0-301F-11D3-BF4B-00C04F79EFBC}") = "BTMRepository", "BTMRepository\BTMRepository.csproj", "{01AEA2A1-07AD-440A-99F3-F42F09A13316}"
EndProject
Project("{FAE04EC0-301F-11D3-BF4B-00C04F79EFBC}") = "BTM", "BTM\BTM.csproj", "{69B69856-6437-4531-A95E-38BFBA004DE6}"
EndProject
Global
	GlobalSection(SolutionConfigurationPlatforms) = preSolution
		Debug|Any CPU = Debug|Any CPU
		Release|Any CPU = Release|Any CPU
	EndGlobalSection
	GlobalSection(ProjectConfigurationPlatforms) = postSolution
		{ED2831FA-566E-4858-92A9-CBDD6C666132}.Debug|Any CPU.ActiveCfg = Debug|Any CPU
		{ED2831FA-566E-4858-92A9-CBDD6C666132}.Debug|Any CPU.Build.0 = Debug|Any CPU
		{ED2831FA-566E-4858-92A9-CBDD6C666132}.Release|Any CPU.ActiveCfg = Release|Any CPU
		{ED2831FA-566E-4858-92A9-CBDD6C666132}.Release|Any CPU.Build.0 = Release|Any CPU
		{8E3C95E9-9F0D-4074-BF2F-12AC6B0F762C}.Debug|Any CPU.ActiveCfg = Debug|Any CPU
		{8E3C95E9-9F0D-4074-BF2F-12AC6B0F762C}.Debug|Any CPU.Build.0 = Debug|Any CPU
		{8E3C95E9-9F0D-4074-BF2F-12AC6B0F762C}.Release|Any CPU.ActiveCfg = Release|Any CPU
		{8E3C95E9-9F0D-4074-BF2F-12AC6B0F762C}.Release|Any CPU.Build.0 = Release|Any CPU
		{01AEA2A1-07AD-440A-99F3-F42F09A13316}.Debug|Any CPU.ActiveCfg = Debug|Any CPU
		{01AEA2A1-07AD-440A-99F3-F42F09A13316}.Debug|Any CPU.Build.0 = Debug|Any CPU
		{01AEA2A1-07AD-440A-99F3-F42F09A13316}.Release|Any CPU.ActiveCfg = Release|Any CPU
		{01AEA2A1-07AD-440A-99F3-F42F09A13316}.Release|Any CPU.Build.0 = Release|Any CPU
		{69B69856-6437-4531-A95E-38BFBA004DE6}.Debug|Any CPU.ActiveCfg = Debug|Any CPU
		{69B69856-6437-4531-A95E-38BFBA004DE6}.Debug|Any CPU.Build.0 = Debug|Any CPU
		{69B69856-6437-4531-A95E-38BFBA004DE6}.Release|Any CPU.ActiveCfg = Release|Any CPU
		{69B69856-6437-4531-A95E-38BFBA004DE6}.Release|Any CPU.Build.0 = Release|Any CPU
	EndGlobalSection
	GlobalSection(SolutionProperties) = preSolution
		HideSolutionNode = FALSE
	EndGlobalSection
EndGlobal
